{"version":4,"terraform_version":"1.12.3","serial":1,"lineage":"4108df87-ef70-724d-cdfd-042a2d054dc7","outputs":{},"resources":[{"mode":"data","type":"aws_ami","name":"amazon_linux","provider":"provider[\"registry.opentofu.org/hashicorp/aws\"]","instances":[{"schema_version":0,"attributes":{"allow_unsafe_filter":null,"architecture":"x86_64","arn":"arn:aws:ec2:us-east-1::image/ami-0260fb21be1fd50db","block_device_mappings":[{"device_name":"/dev/xvda","ebs":{"delete_on_termination":"true","encrypted":"false","iops":"3000","snapshot_id":"snap-0fa576bea6acca344","throughput":"125","volume_initialization_rate":"0","volume_size":"30","volume_type":"gp3"},"no_device":"","virtual_name":""}],"boot_mode":"uefi-preferred","creation_date":"2026-08-06T00:48:56.000Z","deprecation_time":"2028-08-06T00:48:56.000Z","description":"Amazon Linux AMI 2023.0.20260805 x86_64 ECS HVM EBS","ena_support":true,"executable_users":null,"filter":[{"name":"name","values":["al2023-ami-*-x86_64"]}],"hypervisor":"xen","id":"ami-0260fb21be1fd50db","image_id":"ami-0260fb21be1fd50db","image_location":"amazon/al2023-ami-ecs-neuron-hvm-2023.0.20260805-kernel-6.1-x86_64","image_owner_alias":"amazon","image_type":"machine","imds_support":"v2.0","include_deprecated":false,"kernel_id":"","last_launched_time":"","most_recent":true,"name":"al2023-ami-ecs-neuron-hvm-2023.0.20260805-kernel-6.1-x86_64","name_regex":null,"owner_id":"591542846629","owners":["amazon"],"platform":"","platform_details":"Linux/UNIX","product_codes":[],"public":true,"ramdisk_id":"","region":"us-east-1","root_device_name":"/dev/xvda","root_device_type":"ebs","root_snapshot_id":"snap-0fa576bea6acca344","sriov_net_support":"simple","state":"available","state_reason":{"code":"UNSET","message":"UNSET"},"tags":{},"timeouts":null,"tpm_support":"","uefi_data":null,"usage_operation":"RunInstances","virtualization_type":"hvm"},"sensitive_attributes":[]}]},{"mode":"data","type":"aws_subnets","name":"public","provider":"provider[\"registry.opentofu.org/hashicorp/aws\"]","instances":[{"schema_version":0,"attributes":{"filter":[{"name":"availability-zone","values":["us-east-1a","us-east-1b","us-east-1c","us-east-1d","us-east-1f"]},{"name":"vpc-id","values":["vpc-0efbfa29718e9c99c"]}],"id":"us-east-1","ids":["subnet-014222327482c67e7","subnet-05d35c28d26a6529e","subnet-0b049e14c19d73d24","subnet-0f849b86628dab601","subnet-03ee69b0b3e2b220f"],"region":"us-east-1","tags":null,"timeouts":null},"sensitive_attributes":[]}]},{"mode":"data","type":"aws_vpc","name":"default","provider":"provider[\"registry.opentofu.org/hashicorp/aws\"]","instances":[{"schema_version":0,"attributes":{"arn":"arn:aws:ec2:us-east-1:417521971870:vpc/vpc-0efbfa29718e9c99c","cidr_block":"172.31.0.0/16","cidr_block_associations":[{"association_id":"vpc-cidr-assoc-0981b1861dd7213e0","cidr_block":"172.31.0.0/16","state":"associated"}],"default":true,"dhcp_options_id":"dopt-0bd1baee924226f46","enable_dns_hostnames":true,"enable_dns_support":true,"enable_network_address_usage_metrics":false,"filter":null,"id":"vpc-0efbfa29718e9c99c","instance_tenancy":"default","ipv6_association_id":"","ipv6_cidr_block":"","ipv6_cidr_block_associations":[],"main_route_table_id":"rtb-015a4f90667961302","owner_id":"417521971870","region":"us-east-1","state":null,"tags":{},"timeouts":null},"sensitive_attributes":[]}]},{"mode":"managed","type":"aws_security_group","name":"app_sg","provider":"provider[\"registry.opentofu.org/hashicorp/aws\"]","instances":[{"schema_version":1,"attributes":{"arn":"arn:aws:ec2:us-east-1:417521971870:security-group/sg-0daebb7740bcabc2f","description":"Managed by Terraform","egress":[{"cidr_blocks":["0.0.0.0/0"],"description":"","from_port":0,"ipv6_cidr_blocks":[],"prefix_list_ids":[],"protocol":"-1","security_groups":[],"self":false,"to_port":0}],"id":"sg-0daebb7740bcabc2f","ingress":[{"cidr_blocks":["10.0.0.0/16"],"description":"App port for testing","from_port":8000,"ipv6_cidr_blocks":[],"prefix_list_ids":[],"protocol":"tcp","security_groups":[],"self":false,"to_port":8000},{"cidr_blocks":[],"description":"SSH from runner only","from_port":22,"ipv6_cidr_blocks":[],"prefix_list_ids":[],"protocol":"tcp","security_groups":["sg-07c05f9da8309bd92"],"self":false,"to_port":22}],"name":"app-sg","name_prefix":"","owner_id":"417521971870","region":"us-east-1","revoke_rules_on_delete":false,"tags":{"Name":"app-sg"},"tags_all":{"Name":"app-sg"},"timeouts":null,"vpc_id":"vpc-0efbfa29718e9c99c"},"sensitive_attributes":[],"private":"eyJlMmJmYjczMC1lY2FhLTExZTYtOGY4OC0zNDM2M2JjN2M0YzAiOnsiY3JlYXRlIjo2MDAwMDAwMDAwMDAsImRlbGV0ZSI6OTAwMDAwMDAwMDAwfSwic2NoZW1hX3ZlcnNpb24iOiIxIn0=","dependencies":["aws_security_group.runner_sg","data.aws_vpc.default"],"identity":{"account_id":"417521971870","id":"sg-0daebb7740bcabc2f","region":"us-east-1"},"identity_schema_version":0}]},{"mode":"managed","type":"aws_security_group","name":"runner_sg","provider":"provider[\"registry.opentofu.org/hashicorp/aws\"]","instances":[{"schema_version":1,"attributes":{"arn":"arn:aws:ec2:us-east-1:417521971870:security-group/sg-07c05f9da8309bd92","description":"Managed by Terraform","egress":[{"cidr_blocks":["0.0.0.0/0"],"description":"","from_port":0,"ipv6_cidr_blocks":[],"prefix_list_ids":[],"protocol":"-1","security_groups":[],"self":false,"to_port":0}],"id":"sg-07c05f9da8309bd92","ingress":[{"cidr_blocks":["0.0.0.0/0"],"description":"SSH from my IP","from_port":22,"ipv6_cidr_blocks":[],"prefix_list_ids":[],"protocol":"tcp","security_groups":[],"self":false,"to_port":22}],"name":"runner-sg","name_prefix":"","owner_id":"417521971870","region":"us-east-1","revoke_rules_on_delete":false,"tags":{"Name":"runner-sg"},"tags_all":{"Name":"runner-sg"},"timeouts":null,"vpc_id":"vpc-0efbfa29718e9c99c"},"sensitive_attributes":[],"private":"eyJlMmJmYjczMC1lY2FhLTExZTYtOGY4OC0zNDM2M2JjN2M0YzAiOnsiY3JlYXRlIjo2MDAwMDAwMDAwMDAsImRlbGV0ZSI6OTAwMDAwMDAwMDAwfSwic2NoZW1hX3ZlcnNpb24iOiIxIn0=","dependencies":["data.aws_vpc.default"],"identity":{"account_id":"417521971870","id":"sg-07c05f9da8309bd92","region":"us-east-1"},"identity_schema_version":0}]}],"check_results":null}
